
Microsoft Visual Studio Solution File, Format Version 12.00
# Visual Studio Version 16
VisualStudioVersion = 16.0.30621.155
MinimumVisualStudioVersion = 10.0.40219.1
Project("{9A19103F-16F7-4668-BE54-9A1E7A4F7556}") = "TrackerLibrary", "TrackerLibrary\TrackerLibrary.csproj", "{FE022BF0-2B06-4053-B9F2-9CA5E17FC5ED}"
EndProject
Project("{9A19103F-16F7-4668-BE54-9A1E7A4F7556}") = "TournamentTrackerUI", "TournamentTrackerUI\TournamentTrackerUI.csproj", "{308E9B08-EA01-4085-8E92-820A1B724C80}"
EndProject
Global
	GlobalSection(SolutionConfigurationPlatforms) = preSolution
		Debug|Any CPU = Debug|Any CPU
		Release|Any CPU = Release|Any CPU
	EndGlobalSection
	GlobalSection(ProjectConfigurationPlatforms) = postSolution
		{FE022BF0-2B06-4053-B9F2-9CA5E17FC5ED}.Debug|Any CPU.ActiveCfg = Debug|Any CPU
		{FE022BF0-2B06-4053-B9F2-9CA5E17FC5ED}.Debug|Any CPU.Build.0 = Debug|Any CPU
		{FE022BF0-2B06-4053-B9F2-9CA5E17FC5ED}.Release|Any CPU.ActiveCfg = Release|Any CPU
		{FE022BF0-2B06-4053-B9F2-9CA5E17FC5ED}.Release|Any CPU.Build.0 = Release|Any CPU
		{308E9B08-EA01-4085-8E92-820A1B724C80}.Debug|Any CPU.ActiveCfg = Debug|Any CPU
		{308E9B08-EA01-4085-8E92-820A1B724C80}.Debug|Any CPU.Build.0 = Debug|Any CPU
		{308E9B08-EA01-4085-8E92-820A1B724C80}.Release|Any CPU.ActiveCfg = Release|Any CPU
		{308E9B08-EA01-4085-8E92-820A1B724C80}.Release|Any CPU.Build.0 = Release|Any CPU
	EndGlobalSection
	GlobalSection(SolutionProperties) = preSolution
		HideSolutionNode = FALSE
	EndGlobalSection
	GlobalSection(ExtensibilityGlobals) = postSolution
		SolutionGuid = {8E019FC3-8AC6-493C-90B6-C2763F8CAA4F}
	EndGlobalSection
EndGlobal
