
Microsoft Visual Studio Solution File, Format Version 12.00
# Visual Studio Version 16
VisualStudioVersion = 16.0.30621.155
MinimumVisualStudioVersion = 10.0.40219.1
Project("{FAE04EC0-301F-11D3-BF4B-00C04F79EFBC}") = "TrackerLibrary", "TrackerLibrary\TrackerLibrary.csproj", "{FE022BF0-2B06-4053-B9F2-9CA5E17FC5ED}"
EndProject
Project("{FAE04EC0-301F-11D3-BF4B-00C04F79EFBC}") = "TrackerUI", "TrackerUI\TrackerUI.csproj", "{C1EC46CE-1B7D-4EBB-A0E0-01304B06C665}"
EndProject
Global
	GlobalSection(SolutionConfigurationPlatforms) = preSolution
		Debug|Any CPU = Debug|Any CPU
		Release|Any CPU = Release|Any CPU
	EndGlobalSection
	GlobalSection(ProjectConfigurationPlatforms) = postSolution
		{FE022BF0-2B06-4053-B9F2-9CA5E17FC5ED}.Debug|Any CPU.ActiveCfg = Debug|Any CPU
		{FE022BF0-2B06-4053-B9F2-9CA5E17FC5ED}.Debug|Any CPU.Build.0 = Debug|Any CPU
		{FE022BF0-2B06-4053-B9F2-9CA5E17FC5ED}.Release|Any CPU.ActiveCfg = Release|Any CPU
		{FE022BF0-2B06-4053-B9F2-9CA5E17FC5ED}.Release|Any CPU.Build.0 = Release|Any CPU
		{C1EC46CE-1B7D-4EBB-A0E0-01304B06C665}.Debug|Any CPU.ActiveCfg = Debug|Any CPU
		{C1EC46CE-1B7D-4EBB-A0E0-01304B06C665}.Debug|Any CPU.Build.0 = Debug|Any CPU
		{C1EC46CE-1B7D-4EBB-A0E0-01304B06C665}.Release|Any CPU.ActiveCfg = Release|Any CPU
		{C1EC46CE-1B7D-4EBB-A0E0-01304B06C665}.Release|Any CPU.Build.0 = Release|Any CPU
	EndGlobalSection
	GlobalSection(SolutionProperties) = preSolution
		HideSolutionNode = FALSE
	EndGlobalSection
	GlobalSection(ExtensibilityGlobals) = postSolution
		SolutionGuid = {8E019FC3-8AC6-493C-90B6-C2763F8CAA4F}
	EndGlobalSection
EndGlobal
